
Microsoft Visual Studio Solution File, Format Version 12.00
# Visual Studio 15
VisualStudioVersion = 15.0.26228.9
MinimumVisualStudioVersion = 10.0.40219.1
Project("{FAE04EC0-301F-11D3-BF4B-00C04F79EFBC}") = "1.Exercises", "1.Exercises\1.Exercises.csproj", "{3B9307BD-06B3-4542-AD43-D3E6E4430221}"
EndProject
Project("{FAE04EC0-301F-11D3-BF4B-00C04F79EFBC}") = "2.Optimized Banking System", "2.Optimized Banking System\2.Optimized Banking System.csproj", "{F35277A6-29FE-43EF-9717-5114BF2F1CEE}"
EndProject
Project("{FAE04EC0-301F-11D3-BF4B-00C04F79EFBC}") = "3.Animals", "3.Animals\3.Animals.csproj", "{6FBFB63B-DC7A-4290-9887-F3BF1A55E6A5}"
EndProject
Project("{FAE04EC0-301F-11D3-BF4B-00C04F79EFBC}") = "4.Websites", "4.Websites\4.Websites.csproj", "{CF70501C-A14C-4F9B-8B88-8B25047EFA80}"
EndProject
Project("{FAE04EC0-301F-11D3-BF4B-00C04F79EFBC}") = "5.Boxes", "5.Boxes\5.Boxes.csproj", "{229E62FB-8C4C-4C34-9433-1C40F3DF744B}"
EndProject
Global
	GlobalSection(SolutionConfigurationPlatforms) = preSolution
		Debug|Any CPU = Debug|Any CPU
		Release|Any CPU = Release|Any CPU
	EndGlobalSection
	GlobalSection(ProjectConfigurationPlatforms) = postSolution
		{3B9307BD-06B3-4542-AD43-D3E6E4430221}.Debug|Any CPU.ActiveCfg = Debug|Any CPU
		{3B9307BD-06B3-4542-AD43-D3E6E4430221}.Debug|Any CPU.Build.0 = Debug|Any CPU
		{3B9307BD-06B3-4542-AD43-D3E6E4430221}.Release|Any CPU.ActiveCfg = Release|Any CPU
		{3B9307BD-06B3-4542-AD43-D3E6E4430221}.Release|Any CPU.Build.0 = Release|Any CPU
		{F35277A6-29FE-43EF-9717-5114BF2F1CEE}.Debug|Any CPU.ActiveCfg = Debug|Any CPU
		{F35277A6-29FE-43EF-9717-5114BF2F1CEE}.Debug|Any CPU.Build.0 = Debug|Any CPU
		{F35277A6-29FE-43EF-9717-5114BF2F1CEE}.Release|Any CPU.ActiveCfg = Release|Any CPU
		{F35277A6-29FE-43EF-9717-5114BF2F1CEE}.Release|Any CPU.Build.0 = Release|Any CPU
		{6FBFB63B-DC7A-4290-9887-F3BF1A55E6A5}.Debug|Any CPU.ActiveCfg = Debug|Any CPU
		{6FBFB63B-DC7A-4290-9887-F3BF1A55E6A5}.Debug|Any CPU.Build.0 = Debug|Any CPU
		{6FBFB63B-DC7A-4290-9887-F3BF1A55E6A5}.Release|Any CPU.ActiveCfg = Release|Any CPU
		{6FBFB63B-DC7A-4290-9887-F3BF1A55E6A5}.Release|Any CPU.Build.0 = Release|Any CPU
		{CF70501C-A14C-4F9B-8B88-8B25047EFA80}.Debug|Any CPU.ActiveCfg = Debug|Any CPU
		{CF70501C-A14C-4F9B-8B88-8B25047EFA80}.Debug|Any CPU.Build.0 = Debug|Any CPU
		{CF70501C-A14C-4F9B-8B88-8B25047EFA80}.Release|Any CPU.ActiveCfg = Release|Any CPU
		{CF70501C-A14C-4F9B-8B88-8B25047EFA80}.Release|Any CPU.Build.0 = Release|Any CPU
		{229E62FB-8C4C-4C34-9433-1C40F3DF744B}.Debug|Any CPU.ActiveCfg = Debug|Any CPU
		{229E62FB-8C4C-4C34-9433-1C40F3DF744B}.Debug|Any CPU.Build.0 = Debug|Any CPU
		{229E62FB-8C4C-4C34-9433-1C40F3DF744B}.Release|Any CPU.ActiveCfg = Release|Any CPU
		{229E62FB-8C4C-4C34-9433-1C40F3DF744B}.Release|Any CPU.Build.0 = Release|Any CPU
	EndGlobalSection
	GlobalSection(SolutionProperties) = preSolution
		HideSolutionNode = FALSE
	EndGlobalSection
EndGlobal
