
Microsoft Visual Studio Solution File, Format Version 12.00
# Visual Studio 15
VisualStudioVersion = 15.0.26403.3
MinimumVisualStudioVersion = 10.0.40219.1
Project("{FAE04EC0-301F-11D3-BF4B-00C04F79EFBC}") = "1.Sweet Dessert", "1.Sweet Dessert\1.Sweet Dessert.csproj", "{0C0470AD-8FC4-4BF3-BCF7-AABBA7239D90}"
EndProject
Project("{FAE04EC0-301F-11D3-BF4B-00C04F79EFBC}") = "2.Array Manipulator", "2.Array Manipulator\2.Array Manipulator.csproj", "{BAE9DF2B-9A5A-473E-99EC-EACAF13E07F3}"
EndProject
Project("{FAE04EC0-301F-11D3-BF4B-00C04F79EFBC}") = "3.Football League", "3.Football League\3.Football League.csproj", "{7F27F1F7-421E-4679-AA3F-CE75C1F309D3}"
EndProject
Global
	GlobalSection(SolutionConfigurationPlatforms) = preSolution
		Debug|Any CPU = Debug|Any CPU
		Release|Any CPU = Release|Any CPU
	EndGlobalSection
	GlobalSection(ProjectConfigurationPlatforms) = postSolution
		{0C0470AD-8FC4-4BF3-BCF7-AABBA7239D90}.Debug|Any CPU.ActiveCfg = Debug|Any CPU
		{0C0470AD-8FC4-4BF3-BCF7-AABBA7239D90}.Debug|Any CPU.Build.0 = Debug|Any CPU
		{0C0470AD-8FC4-4BF3-BCF7-AABBA7239D90}.Release|Any CPU.ActiveCfg = Release|Any CPU
		{0C0470AD-8FC4-4BF3-BCF7-AABBA7239D90}.Release|Any CPU.Build.0 = Release|Any CPU
		{BAE9DF2B-9A5A-473E-99EC-EACAF13E07F3}.Debug|Any CPU.ActiveCfg = Debug|Any CPU
		{BAE9DF2B-9A5A-473E-99EC-EACAF13E07F3}.Debug|Any CPU.Build.0 = Debug|Any CPU
		{BAE9DF2B-9A5A-473E-99EC-EACAF13E07F3}.Release|Any CPU.ActiveCfg = Release|Any CPU
		{BAE9DF2B-9A5A-473E-99EC-EACAF13E07F3}.Release|Any CPU.Build.0 = Release|Any CPU
		{7F27F1F7-421E-4679-AA3F-CE75C1F309D3}.Debug|Any CPU.ActiveCfg = Debug|Any CPU
		{7F27F1F7-421E-4679-AA3F-CE75C1F309D3}.Debug|Any CPU.Build.0 = Debug|Any CPU
		{7F27F1F7-421E-4679-AA3F-CE75C1F309D3}.Release|Any CPU.ActiveCfg = Release|Any CPU
		{7F27F1F7-421E-4679-AA3F-CE75C1F309D3}.Release|Any CPU.Build.0 = Release|Any CPU
	EndGlobalSection
	GlobalSection(SolutionProperties) = preSolution
		HideSolutionNode = FALSE
	EndGlobalSection
EndGlobal
