
Microsoft Visual Studio Solution File, Format Version 12.00
# Visual Studio 14
VisualStudioVersion = 14.0.25420.1
MinimumVisualStudioVersion = 10.0.40219.1
Project("{FAE04EC0-301F-11D3-BF4B-00C04F79EFBC}") = "ShootListElements", "ShootListElements\ShootListElements.csproj", "{1FBEE5B9-73E1-4634-8298-CAF86FACC534}"
EndProject
Project("{FAE04EC0-301F-11D3-BF4B-00C04F79EFBC}") = "Average-Character-Delimiter", "Average-Character-Delimiter\Average-Character-Delimiter.csproj", "{DB89C202-BAEF-4FE4-8D39-CAD2A75A7E39}"
EndProject
Project("{FAE04EC0-301F-11D3-BF4B-00C04F79EFBC}") = "Sort-Array-of-Strings", "Sort-Array-of-Strings\Sort-Array-of-Strings.csproj", "{33A4C162-F594-4E4B-AA2C-326286577D32}"
EndProject
Project("{FAE04EC0-301F-11D3-BF4B-00C04F79EFBC}") = "ArrayHistogram", "ArrayHistogram\ArrayHistogram.csproj", "{ECC5609A-253A-42CB-874C-9332D2B538EB}"
EndProject
Project("{FAE04EC0-301F-11D3-BF4B-00C04F79EFBC}") = "Decode-Radio-Frequencies", "Decode-Radio-Frequencies\Decode-Radio-Frequencies.csproj", "{D4B4DD7C-934A-4D0D-8ABD-0FC1CCEEAFE9}"
EndProject
Project("{FAE04EC0-301F-11D3-BF4B-00C04F79EFBC}") = "Batteries", "Batteries\Batteries.csproj", "{C8404EB0-1C71-4842-B599-044CCF93F177}"
EndProject
Global
	GlobalSection(SolutionConfigurationPlatforms) = preSolution
		Debug|Any CPU = Debug|Any CPU
		Release|Any CPU = Release|Any CPU
	EndGlobalSection
	GlobalSection(ProjectConfigurationPlatforms) = postSolution
		{1FBEE5B9-73E1-4634-8298-CAF86FACC534}.Debug|Any CPU.ActiveCfg = Debug|Any CPU
		{1FBEE5B9-73E1-4634-8298-CAF86FACC534}.Debug|Any CPU.Build.0 = Debug|Any CPU
		{1FBEE5B9-73E1-4634-8298-CAF86FACC534}.Release|Any CPU.ActiveCfg = Release|Any CPU
		{1FBEE5B9-73E1-4634-8298-CAF86FACC534}.Release|Any CPU.Build.0 = Release|Any CPU
		{DB89C202-BAEF-4FE4-8D39-CAD2A75A7E39}.Debug|Any CPU.ActiveCfg = Debug|Any CPU
		{DB89C202-BAEF-4FE4-8D39-CAD2A75A7E39}.Debug|Any CPU.Build.0 = Debug|Any CPU
		{DB89C202-BAEF-4FE4-8D39-CAD2A75A7E39}.Release|Any CPU.ActiveCfg = Release|Any CPU
		{DB89C202-BAEF-4FE4-8D39-CAD2A75A7E39}.Release|Any CPU.Build.0 = Release|Any CPU
		{33A4C162-F594-4E4B-AA2C-326286577D32}.Debug|Any CPU.ActiveCfg = Debug|Any CPU
		{33A4C162-F594-4E4B-AA2C-326286577D32}.Debug|Any CPU.Build.0 = Debug|Any CPU
		{33A4C162-F594-4E4B-AA2C-326286577D32}.Release|Any CPU.ActiveCfg = Release|Any CPU
		{33A4C162-F594-4E4B-AA2C-326286577D32}.Release|Any CPU.Build.0 = Release|Any CPU
		{ECC5609A-253A-42CB-874C-9332D2B538EB}.Debug|Any CPU.ActiveCfg = Debug|Any CPU
		{ECC5609A-253A-42CB-874C-9332D2B538EB}.Debug|Any CPU.Build.0 = Debug|Any CPU
		{ECC5609A-253A-42CB-874C-9332D2B538EB}.Release|Any CPU.ActiveCfg = Release|Any CPU
		{ECC5609A-253A-42CB-874C-9332D2B538EB}.Release|Any CPU.Build.0 = Release|Any CPU
		{D4B4DD7C-934A-4D0D-8ABD-0FC1CCEEAFE9}.Debug|Any CPU.ActiveCfg = Debug|Any CPU
		{D4B4DD7C-934A-4D0D-8ABD-0FC1CCEEAFE9}.Debug|Any CPU.Build.0 = Debug|Any CPU
		{D4B4DD7C-934A-4D0D-8ABD-0FC1CCEEAFE9}.Release|Any CPU.ActiveCfg = Release|Any CPU
		{D4B4DD7C-934A-4D0D-8ABD-0FC1CCEEAFE9}.Release|Any CPU.Build.0 = Release|Any CPU
		{C8404EB0-1C71-4842-B599-044CCF93F177}.Debug|Any CPU.ActiveCfg = Debug|Any CPU
		{C8404EB0-1C71-4842-B599-044CCF93F177}.Debug|Any CPU.Build.0 = Debug|Any CPU
		{C8404EB0-1C71-4842-B599-044CCF93F177}.Release|Any CPU.ActiveCfg = Release|Any CPU
		{C8404EB0-1C71-4842-B599-044CCF93F177}.Release|Any CPU.Build.0 = Release|Any CPU
	EndGlobalSection
	GlobalSection(SolutionProperties) = preSolution
		HideSolutionNode = FALSE
	EndGlobalSection
EndGlobal
