
Microsoft Visual Studio Solution File, Format Version 12.00
# Visual Studio 15
VisualStudioVersion = 15.0.26228.9
MinimumVisualStudioVersion = 10.0.40219.1
Project("{FAE04EC0-301F-11D3-BF4B-00C04F79EFBC}") = "1.Placeholders", "1.Placeholders\1.Placeholders.csproj", "{16C70249-FAED-43F6-B242-764043AB5D43}"
EndProject
Project("{FAE04EC0-301F-11D3-BF4B-00C04F79EFBC}") = "2.JSON Stringify", "2.JSON Stringify\2.JSON Stringify.csproj", "{020E393A-4486-4721-9F74-46727EC4F524}"
EndProject
Project("{FAE04EC0-301F-11D3-BF4B-00C04F79EFBC}") = "3.JSON Parse", "3.JSON Parse\3.JSON Parse.csproj", "{8D380980-3310-474D-8637-C0B478F2A66C}"
EndProject
Project("{FAE04EC0-301F-11D3-BF4B-00C04F79EFBC}") = "4.Sentence Split", "4.Sentence Split\4.Sentence Split.csproj", "{1D107ABD-2BA1-40AA-9C83-5C65DE5576F0}"
EndProject
Project("{FAE04EC0-301F-11D3-BF4B-00C04F79EFBC}") = "5.Capitalize Words", "5.Capitalize Words\5.Capitalize Words.csproj", "{5582849A-450B-4D86-9E37-4EB783F7D45E}"
EndProject
Global
	GlobalSection(SolutionConfigurationPlatforms) = preSolution
		Debug|Any CPU = Debug|Any CPU
		Release|Any CPU = Release|Any CPU
	EndGlobalSection
	GlobalSection(ProjectConfigurationPlatforms) = postSolution
		{16C70249-FAED-43F6-B242-764043AB5D43}.Debug|Any CPU.ActiveCfg = Debug|Any CPU
		{16C70249-FAED-43F6-B242-764043AB5D43}.Debug|Any CPU.Build.0 = Debug|Any CPU
		{16C70249-FAED-43F6-B242-764043AB5D43}.Release|Any CPU.ActiveCfg = Release|Any CPU
		{16C70249-FAED-43F6-B242-764043AB5D43}.Release|Any CPU.Build.0 = Release|Any CPU
		{020E393A-4486-4721-9F74-46727EC4F524}.Debug|Any CPU.ActiveCfg = Debug|Any CPU
		{020E393A-4486-4721-9F74-46727EC4F524}.Debug|Any CPU.Build.0 = Debug|Any CPU
		{020E393A-4486-4721-9F74-46727EC4F524}.Release|Any CPU.ActiveCfg = Release|Any CPU
		{020E393A-4486-4721-9F74-46727EC4F524}.Release|Any CPU.Build.0 = Release|Any CPU
		{8D380980-3310-474D-8637-C0B478F2A66C}.Debug|Any CPU.ActiveCfg = Debug|Any CPU
		{8D380980-3310-474D-8637-C0B478F2A66C}.Debug|Any CPU.Build.0 = Debug|Any CPU
		{8D380980-3310-474D-8637-C0B478F2A66C}.Release|Any CPU.ActiveCfg = Release|Any CPU
		{8D380980-3310-474D-8637-C0B478F2A66C}.Release|Any CPU.Build.0 = Release|Any CPU
		{1D107ABD-2BA1-40AA-9C83-5C65DE5576F0}.Debug|Any CPU.ActiveCfg = Debug|Any CPU
		{1D107ABD-2BA1-40AA-9C83-5C65DE5576F0}.Debug|Any CPU.Build.0 = Debug|Any CPU
		{1D107ABD-2BA1-40AA-9C83-5C65DE5576F0}.Release|Any CPU.ActiveCfg = Release|Any CPU
		{1D107ABD-2BA1-40AA-9C83-5C65DE5576F0}.Release|Any CPU.Build.0 = Release|Any CPU
		{5582849A-450B-4D86-9E37-4EB783F7D45E}.Debug|Any CPU.ActiveCfg = Debug|Any CPU
		{5582849A-450B-4D86-9E37-4EB783F7D45E}.Debug|Any CPU.Build.0 = Debug|Any CPU
		{5582849A-450B-4D86-9E37-4EB783F7D45E}.Release|Any CPU.ActiveCfg = Release|Any CPU
		{5582849A-450B-4D86-9E37-4EB783F7D45E}.Release|Any CPU.Build.0 = Release|Any CPU
	EndGlobalSection
	GlobalSection(SolutionProperties) = preSolution
		HideSolutionNode = FALSE
	EndGlobalSection
EndGlobal
