
Microsoft Visual Studio Solution File, Format Version 12.00
# Visual Studio 15
VisualStudioVersion = 15.0.26403.3
MinimumVisualStudioVersion = 10.0.40219.1
Project("{FAE04EC0-301F-11D3-BF4B-00C04F79EFBC}") = "1.Melrah Shake", "1.Melrah Shake\1.Melrah Shake.csproj", "{F0A31C6F-17B1-4E93-AAE4-5FB488655A70}"
EndProject
Project("{FAE04EC0-301F-11D3-BF4B-00C04F79EFBC}") = "3.Critical Breakpoint", "3.Critical Breakpoint\3.Critical Breakpoint.csproj", "{1B45F12C-9A6A-43F6-8306-5EE2B8EBFD1E}"
EndProject
Project("{FAE04EC0-301F-11D3-BF4B-00C04F79EFBC}") = "4.GUnit", "4.GUnit\4.GUnit.csproj", "{041CD20B-4FAF-4923-89B8-2E2F45AFB4BE}"
EndProject
Global
	GlobalSection(SolutionConfigurationPlatforms) = preSolution
		Debug|Any CPU = Debug|Any CPU
		Release|Any CPU = Release|Any CPU
	EndGlobalSection
	GlobalSection(ProjectConfigurationPlatforms) = postSolution
		{F0A31C6F-17B1-4E93-AAE4-5FB488655A70}.Debug|Any CPU.ActiveCfg = Debug|Any CPU
		{F0A31C6F-17B1-4E93-AAE4-5FB488655A70}.Debug|Any CPU.Build.0 = Debug|Any CPU
		{F0A31C6F-17B1-4E93-AAE4-5FB488655A70}.Release|Any CPU.ActiveCfg = Release|Any CPU
		{F0A31C6F-17B1-4E93-AAE4-5FB488655A70}.Release|Any CPU.Build.0 = Release|Any CPU
		{1B45F12C-9A6A-43F6-8306-5EE2B8EBFD1E}.Debug|Any CPU.ActiveCfg = Debug|Any CPU
		{1B45F12C-9A6A-43F6-8306-5EE2B8EBFD1E}.Debug|Any CPU.Build.0 = Debug|Any CPU
		{1B45F12C-9A6A-43F6-8306-5EE2B8EBFD1E}.Release|Any CPU.ActiveCfg = Release|Any CPU
		{1B45F12C-9A6A-43F6-8306-5EE2B8EBFD1E}.Release|Any CPU.Build.0 = Release|Any CPU
		{041CD20B-4FAF-4923-89B8-2E2F45AFB4BE}.Debug|Any CPU.ActiveCfg = Debug|Any CPU
		{041CD20B-4FAF-4923-89B8-2E2F45AFB4BE}.Debug|Any CPU.Build.0 = Debug|Any CPU
		{041CD20B-4FAF-4923-89B8-2E2F45AFB4BE}.Release|Any CPU.ActiveCfg = Release|Any CPU
		{041CD20B-4FAF-4923-89B8-2E2F45AFB4BE}.Release|Any CPU.Build.0 = Release|Any CPU
	EndGlobalSection
	GlobalSection(SolutionProperties) = preSolution
		HideSolutionNode = FALSE
	EndGlobalSection
EndGlobal
