
Microsoft Visual Studio Solution File, Format Version 12.00
# Visual Studio 14
VisualStudioVersion = 14.0.25420.1
MinimumVisualStudioVersion = 10.0.40219.1
Project("{FAE04EC0-301F-11D3-BF4B-00C04F79EFBC}") = "Tricky-Strings", "Tricky-Strings\Tricky-Strings.csproj", "{45E88867-E4DF-43CE-993E-10D561A3C682}"
EndProject
Project("{FAE04EC0-301F-11D3-BF4B-00C04F79EFBC}") = "Triangle-Formations", "Triangle-Formations\Triangle-Formations.csproj", "{D3E583C9-3CE1-4BB9-A734-47C3C5534D6F}"
EndProject
Project("{FAE04EC0-301F-11D3-BF4B-00C04F79EFBC}") = "Tetris", "Tetris\Tetris.csproj", "{44D582F3-BD16-4C09-A3C0-B90AAEEFC6F8}"
EndProject
Project("{FAE04EC0-301F-11D3-BF4B-00C04F79EFBC}") = "Mining-Coins", "Mining-Coins\Mining-Coins.csproj", "{89B47250-F7D8-4A97-94F3-94A00281B6F2}"
EndProject
Global
	GlobalSection(SolutionConfigurationPlatforms) = preSolution
		Debug|Any CPU = Debug|Any CPU
		Release|Any CPU = Release|Any CPU
	EndGlobalSection
	GlobalSection(ProjectConfigurationPlatforms) = postSolution
		{45E88867-E4DF-43CE-993E-10D561A3C682}.Debug|Any CPU.ActiveCfg = Debug|Any CPU
		{45E88867-E4DF-43CE-993E-10D561A3C682}.Debug|Any CPU.Build.0 = Debug|Any CPU
		{45E88867-E4DF-43CE-993E-10D561A3C682}.Release|Any CPU.ActiveCfg = Release|Any CPU
		{45E88867-E4DF-43CE-993E-10D561A3C682}.Release|Any CPU.Build.0 = Release|Any CPU
		{D3E583C9-3CE1-4BB9-A734-47C3C5534D6F}.Debug|Any CPU.ActiveCfg = Debug|Any CPU
		{D3E583C9-3CE1-4BB9-A734-47C3C5534D6F}.Debug|Any CPU.Build.0 = Debug|Any CPU
		{D3E583C9-3CE1-4BB9-A734-47C3C5534D6F}.Release|Any CPU.ActiveCfg = Release|Any CPU
		{D3E583C9-3CE1-4BB9-A734-47C3C5534D6F}.Release|Any CPU.Build.0 = Release|Any CPU
		{44D582F3-BD16-4C09-A3C0-B90AAEEFC6F8}.Debug|Any CPU.ActiveCfg = Debug|Any CPU
		{44D582F3-BD16-4C09-A3C0-B90AAEEFC6F8}.Debug|Any CPU.Build.0 = Debug|Any CPU
		{44D582F3-BD16-4C09-A3C0-B90AAEEFC6F8}.Release|Any CPU.ActiveCfg = Release|Any CPU
		{44D582F3-BD16-4C09-A3C0-B90AAEEFC6F8}.Release|Any CPU.Build.0 = Release|Any CPU
		{89B47250-F7D8-4A97-94F3-94A00281B6F2}.Debug|Any CPU.ActiveCfg = Debug|Any CPU
		{89B47250-F7D8-4A97-94F3-94A00281B6F2}.Debug|Any CPU.Build.0 = Debug|Any CPU
		{89B47250-F7D8-4A97-94F3-94A00281B6F2}.Release|Any CPU.ActiveCfg = Release|Any CPU
		{89B47250-F7D8-4A97-94F3-94A00281B6F2}.Release|Any CPU.Build.0 = Release|Any CPU
	EndGlobalSection
	GlobalSection(SolutionProperties) = preSolution
		HideSolutionNode = FALSE
	EndGlobalSection
EndGlobal
